version = 1
revision = 2
requires-python = ">=3.13"

[[package]]
name = "code2flow"
version = "2.5.1"
source = { registry = "https://pypi.org/simple" }
sdist = { url = "https://files.pythonhosted.org/packages/3b/a5/d1a0d78f1d31d592131eed19c48839c17a842094a683242ec0d0a825830e/code2flow-2.5.1.tar.gz", hash = "sha256:ad98717920da6598dac38a1951f38b84891f4aa4bd2f36c119b0dbac729f4785", size = 313232, upload-time = "2023-01-08T22:56:44.649Z" }

[[package]]
name = "graphviz"
version = "0.20.3"
source = { registry = "https://pypi.org/simple" }
sdist = { url = "https://files.pythonhosted.org/packages/fa/83/5a40d19b8347f017e417710907f824915fba411a9befd092e52746b63e9f/graphviz-0.20.3.zip", hash = "sha256:09d6bc81e6a9fa392e7ba52135a9d49f1ed62526f96499325930e87ca1b5925d", size = 256455, upload-time = "2024-03-21T07:50:45.772Z" }
wheels = [
    { url = "https://files.pythonhosted.org/packages/00/be/d59db2d1d52697c6adc9eacaf50e8965b6345cc143f671e1ed068818d5cf/graphviz-0.20.3-py3-none-any.whl", hash = "sha256:81f848f2904515d8cd359cc611faba817598d2feaac4027b266aa3eda7b3dde5", size = 47126, upload-time = "2024-03-21T07:50:43.091Z" },
]

[[package]]
name = "openmdm"
version = "0.1.0"
source = { virtual = "." }
dependencies = [
    { name = "code2flow" },
    { name = "graphviz" },
]

[package.metadata]
requires-dist = [
    { name = "code2flow", specifier = ">=2.5.1" },
    { name = "graphviz", specifier = ">=0.20.3" },
]
